
Microsoft Visual Studio Solution File, Format Version 12.00
# Visual Studio Version 17
VisualStudioVersion = 17.11.35327.3
MinimumVisualStudioVersion = 10.0.40219.1
Project("{FAE04EC0-301F-11D3-BF4B-00C04F79EFBC}") = "WpfExplorer", "WpfExplorer\WpfExplorer.csproj", "{45D62E05-078A-4ECB-A3F3-954CD0CBC2BD}"
EndProject
Global
	GlobalSection(SolutionConfigurationPlatforms) = preSolution
		Debug|Any CPU = Debug|Any CPU
		Release|Any CPU = Release|Any CPU
	EndGlobalSection
	GlobalSection(ProjectConfigurationPlatforms) = postSolution
		{45D62E05-078A-4ECB-A3F3-954CD0CBC2BD}.Debug|Any CPU.ActiveCfg = Debug|Any CPU
		{45D62E05-078A-4ECB-A3F3-954CD0CBC2BD}.Debug|Any CPU.Build.0 = Debug|Any CPU
		{45D62E05-078A-4ECB-A3F3-954CD0CBC2BD}.Release|Any CPU.ActiveCfg = Release|Any CPU
		{45D62E05-078A-4ECB-A3F3-954CD0CBC2BD}.Release|Any CPU.Build.0 = Release|Any CPU
	EndGlobalSection
	GlobalSection(SolutionProperties) = preSolution
		HideSolutionNode = FALSE
	EndGlobalSection
	GlobalSection(ExtensibilityGlobals) = postSolution
		SolutionGuid = {F958BBE7-C9CD-4597-983F-728C217EC74A}
	EndGlobalSection
EndGlobal
